
Microsoft Visual Studio Solution File, Format Version 12.00
# Visual Studio 15
VisualStudioVersion = 15.0.28307.421
MinimumVisualStudioVersion = 10.0.40219.1
Project("{9A19103F-16F7-4668-BE54-9A1E7A4F7556}") = "InventoryManagerDemo", "InventoryManagerDemo\InventoryManagerDemo.csproj", "{E1154DD3-BA76-44BD-96D5-257684661E31}"
EndProject
Project("{9A19103F-16F7-4668-BE54-9A1E7A4F7556}") = "InventoryManagerDemo.Database", "InventoryManagerDemo.Database\InventoryManagerDemo.Database.csproj", "{72E5F2E0-F8C6-46C5-802D-DBFAE2F4AD9B}"
EndProject
Project("{FAE04EC0-301F-11D3-BF4B-00C04F79EFBC}") = "InventoryManagerDemo.Services", "InventoryManagerDemo.Services\InventoryManagerDemo.Services.csproj", "{3C2DABAA-461C-412C-AC3D-FDB7ADF06514}"
EndProject
Global
	GlobalSection(SolutionConfigurationPlatforms) = preSolution
		Debug|Any CPU = Debug|Any CPU
		Debug|x86 = Debug|x86
		Release|Any CPU = Release|Any CPU
		Release|x86 = Release|x86
	EndGlobalSection
	GlobalSection(ProjectConfigurationPlatforms) = postSolution
		{E1154DD3-BA76-44BD-96D5-257684661E31}.Debug|Any CPU.ActiveCfg = Debug|Any CPU
		{E1154DD3-BA76-44BD-96D5-257684661E31}.Debug|Any CPU.Build.0 = Debug|Any CPU
		{E1154DD3-BA76-44BD-96D5-257684661E31}.Debug|x86.ActiveCfg = Debug|Any CPU
		{E1154DD3-BA76-44BD-96D5-257684661E31}.Debug|x86.Build.0 = Debug|Any CPU
		{E1154DD3-BA76-44BD-96D5-257684661E31}.Release|Any CPU.ActiveCfg = Release|Any CPU
		{E1154DD3-BA76-44BD-96D5-257684661E31}.Release|Any CPU.Build.0 = Release|Any CPU
		{E1154DD3-BA76-44BD-96D5-257684661E31}.Release|x86.ActiveCfg = Release|Any CPU
		{E1154DD3-BA76-44BD-96D5-257684661E31}.Release|x86.Build.0 = Release|Any CPU
		{72E5F2E0-F8C6-46C5-802D-DBFAE2F4AD9B}.Debug|Any CPU.ActiveCfg = Debug|Any CPU
		{72E5F2E0-F8C6-46C5-802D-DBFAE2F4AD9B}.Debug|Any CPU.Build.0 = Debug|Any CPU
		{72E5F2E0-F8C6-46C5-802D-DBFAE2F4AD9B}.Debug|x86.ActiveCfg = Debug|Any CPU
		{72E5F2E0-F8C6-46C5-802D-DBFAE2F4AD9B}.Debug|x86.Build.0 = Debug|Any CPU
		{72E5F2E0-F8C6-46C5-802D-DBFAE2F4AD9B}.Release|Any CPU.ActiveCfg = Release|Any CPU
		{72E5F2E0-F8C6-46C5-802D-DBFAE2F4AD9B}.Release|Any CPU.Build.0 = Release|Any CPU
		{72E5F2E0-F8C6-46C5-802D-DBFAE2F4AD9B}.Release|x86.ActiveCfg = Release|Any CPU
		{72E5F2E0-F8C6-46C5-802D-DBFAE2F4AD9B}.Release|x86.Build.0 = Release|Any CPU
		{3C2DABAA-461C-412C-AC3D-FDB7ADF06514}.Debug|Any CPU.ActiveCfg = Debug|Any CPU
		{3C2DABAA-461C-412C-AC3D-FDB7ADF06514}.Debug|Any CPU.Build.0 = Debug|Any CPU
		{3C2DABAA-461C-412C-AC3D-FDB7ADF06514}.Debug|x86.ActiveCfg = Debug|Any CPU
		{3C2DABAA-461C-412C-AC3D-FDB7ADF06514}.Debug|x86.Build.0 = Debug|Any CPU
		{3C2DABAA-461C-412C-AC3D-FDB7ADF06514}.Release|Any CPU.ActiveCfg = Release|Any CPU
		{3C2DABAA-461C-412C-AC3D-FDB7ADF06514}.Release|Any CPU.Build.0 = Release|Any CPU
		{3C2DABAA-461C-412C-AC3D-FDB7ADF06514}.Release|x86.ActiveCfg = Release|Any CPU
		{3C2DABAA-461C-412C-AC3D-FDB7ADF06514}.Release|x86.Build.0 = Release|Any CPU
	EndGlobalSection
	GlobalSection(SolutionProperties) = preSolution
		HideSolutionNode = FALSE
	EndGlobalSection
	GlobalSection(ExtensibilityGlobals) = postSolution
		SolutionGuid = {ECB205DF-CAE4-4E33-8AB8-5AABE9B0E27C}
	EndGlobalSection
EndGlobal
